// !$*UTF8*$!
{
	archiveVersion = 1;
	classes = {
	};
	objectVersion = 50;
	objects = {

/* Begin PBXBuildFile section */
		8E3350C22205BA2E0040321D /* AppDelegate.swift in Sources */ = {isa = PBXBuildFile; fileRef = 8E3350C12205BA2E0040321D /* AppDelegate.swift */; };
		8E3350C42205BA2E0040321D /* ViewController.swift in Sources */ = {isa = PBXBuildFile; fileRef = 8E3350C32205BA2E0040321D /* ViewController.swift */; };
		8E3350C72205BA2E0040321D /* Main.storyboard in Resources */ = {isa = PBXBuildFile; fileRef = 8E3350C52205BA2E0040321D /* Main.storyboard */; };
		8E3350C92205BA2F0040321D /* Assets.xcassets in Resources */ = {isa = PBXBuildFile; fileRef = 8E3350C82205BA2F0040321D /* Assets.xcassets */; };
		8E3350CC2205BA2F0040321D /* LaunchScreen.storyboard in Resources */ = {isa = PBXBuildFile; fileRef = 8E3350CA2205BA2F0040321D /* LaunchScreen.storyboard */; };
		8E3350D52205BA680040321D /* Loady.swift in Sources */ = {isa = PBXBuildFile; fileRef = 8E3350D42205BA680040321D /* Loady.swift */; };
		8EFA19D52209B1BA00DF2F58 /* _gif.gif in Resources */ = {isa = PBXBuildFile; fileRef = 8EFA19D42209B1BA00DF2F58 /* _gif.gif */; };
		8EFA19D72209BD8C00DF2F58 /* _specs.jpeg in Resources */ = {isa = PBXBuildFile; fileRef = 8EFA19D62209BD8C00DF2F58 /* _specs.jpeg */; };
		F86C2C54220CC791003243B2 /* logo.png in Resources */ = {isa = PBXBuildFile; fileRef = F86C2C53220CC791003243B2 /* logo.png */; };
/* End PBXBuildFile section */

/* Begin PBXFileReference section */
		8E3350BE2205BA2E0040321D /* loady.app */ = {isa = PBXFileReference; explicitFileType = wrapper.application; includeInIndex = 0; path = loady.app; sourceTree = BUILT_PRODUCTS_DIR; };
		8E3350C12205BA2E0040321D /* AppDelegate.swift */ = {isa = PBXFileReference; lastKnownFileType = sourcecode.swift; path = AppDelegate.swift; sourceTree = "<group>"; };
		8E3350C32205BA2E0040321D /* ViewController.swift */ = {isa = PBXFileReference; lastKnownFileType = sourcecode.swift; path = ViewController.swift; sourceTree = "<group>"; };
		8E3350C62205BA2E0040321D /* Base */ = {isa = PBXFileReference; lastKnownFileType = file.storyboard; name = Base; path = Base.lproj/Main.storyboard; sourceTree = "<group>"; };
		8E3350C82205BA2F0040321D /* Assets.xcassets */ = {isa = PBXFileReference; lastKnownFileType = folder.assetcatalog; path = Assets.xcassets; sourceTree = "<group>"; };
		8E3350CB2205BA2F0040321D /* Base */ = {isa = PBXFileReference; lastKnownFileType = file.storyboard; name = Base; path = Base.lproj/LaunchScreen.storyboard; sourceTree = "<group>"; };
		8E3350D42205BA680040321D /* Loady.swift */ = {isa = PBXFileReference; lastKnownFileType = sourcecode.swift; path = Loady.swift; sourceTree = "<group>"; };
		8EEBA8A222083044006D0957 /* _properties.png */ = {isa = PBXFileReference; lastKnownFileType = image.png; path = _properties.png; sourceTree = "<group>"; };
		8EEBA8A422083044006D0957 /* _setClass.png */ = {isa = PBXFileReference; lastKnownFileType = image.png; path = _setClass.png; sourceTree = "<group>"; };
		8EFA19D42209B1BA00DF2F58 /* _gif.gif */ = {isa = PBXFileReference; lastKnownFileType = image.gif; path = _gif.gif; sourceTree = "<group>"; };
		8EFA19D62209BD8C00DF2F58 /* _specs.jpeg */ = {isa = PBXFileReference; lastKnownFileType = image.jpeg; path = _specs.jpeg; sourceTree = "<group>"; };
		F86C2C51220CC56F003243B2 /* Info.plist */ = {isa = PBXFileReference; fileEncoding = 4; lastKnownFileType = text.plist.xml; path = Info.plist; sourceTree = "<group>"; };
		F86C2C53220CC791003243B2 /* logo.png */ = {isa = PBXFileReference; lastKnownFileType = image.png; path = logo.png; sourceTree = "<group>"; };
		F8E5A199220DA1BD00BA6DE7 /* _errorPhase.gif */ = {isa = PBXFileReference; lastKnownFileType = image.gif; path = _errorPhase.gif; sourceTree = "<group>"; };
		F8E5A19A220DA1BD00BA6DE7 /* _cancelPhase.gif */ = {isa = PBXFileReference; lastKnownFileType = image.gif; path = _cancelPhase.gif; sourceTree = "<group>"; };
		F8E5A19B220DA1FC00BA6DE7 /* _successPhase.gif */ = {isa = PBXFileReference; lastKnownFileType = image.gif; path = _successPhase.gif; sourceTree = "<group>"; };
/* End PBXFileReference section */

/* Begin PBXFrameworksBuildPhase section */
		8E3350BB2205BA2E0040321D /* Frameworks */ = {
			isa = PBXFrameworksBuildPhase;
			buildActionMask = 2147483647;
			files = (
			);
			runOnlyForDeploymentPostprocessing = 0;
		};
/* End PBXFrameworksBuildPhase section */

/* Begin PBXGroup section */
		8E3350B52205BA2E0040321D = {
			isa = PBXGroup;
			children = (
				8E3350C02205BA2E0040321D /* loady */,
				8E3350BF2205BA2E0040321D /* Products */,
			);
			sourceTree = "<group>";
		};
		8E3350BF2205BA2E0040321D /* Products */ = {
			isa = PBXGroup;
			children = (
				8E3350BE2205BA2E0040321D /* loady.app */,
			);
			name = Products;
			sourceTree = "<group>";
		};
		8E3350C02205BA2E0040321D /* loady */ = {
			isa = PBXGroup;
			children = (
				8EEBA8A02208301B006D0957 /* examples */,
				8E3350D32205BA470040321D /* LoadingButton */,
				8E3350C12205BA2E0040321D /* AppDelegate.swift */,
				8E3350C32205BA2E0040321D /* ViewController.swift */,
				F86C2C51220CC56F003243B2 /* Info.plist */,
				8E3350C52205BA2E0040321D /* Main.storyboard */,
				8E3350C82205BA2F0040321D /* Assets.xcassets */,
				8E3350CA2205BA2F0040321D /* LaunchScreen.storyboard */,
			);
			path = loady;
			sourceTree = "<group>";
		};
		8E3350D32205BA470040321D /* LoadingButton */ = {
			isa = PBXGroup;
			children = (
				8E3350D42205BA680040321D /* Loady.swift */,
			);
			path = LoadingButton;
			sourceTree = "<group>";
		};
		8EEBA8A02208301B006D0957 /* examples */ = {
			isa = PBXGroup;
			children = (
				F8E5A19B220DA1FC00BA6DE7 /* _successPhase.gif */,
				F8E5A19A220DA1BD00BA6DE7 /* _cancelPhase.gif */,
				F8E5A199220DA1BD00BA6DE7 /* _errorPhase.gif */,
				F86C2C53220CC791003243B2 /* logo.png */,
				8EEBA8A222083044006D0957 /* _properties.png */,
				8EEBA8A422083044006D0957 /* _setClass.png */,
				8EFA19D42209B1BA00DF2F58 /* _gif.gif */,
				8EFA19D62209BD8C00DF2F58 /* _specs.jpeg */,
			);
			path = examples;
			sourceTree = "<group>";
		};
/* End PBXGroup section */

/* Begin PBXNativeTarget section */
		8E3350BD2205BA2E0040321D /* loady */ = {
			isa = PBXNativeTarget;
			buildConfigurationList = 8E3350D02205BA2F0040321D /* Build configuration list for PBXNativeTarget "loady" */;
			buildPhases = (
				8E3350BA2205BA2E0040321D /* Sources */,
				8E3350BB2205BA2E0040321D /* Frameworks */,
				8E3350BC2205BA2E0040321D /* Resources */,
			);
			buildRules = (
			);
			dependencies = (
			);
			name = loady;
			productName = loady;
			productReference = 8E3350BE2205BA2E0040321D /* loady.app */;
			productType = "com.apple.product-type.application";
		};
/* End PBXNativeTarget section */

/* Begin PBXProject section */
		8E3350B62205BA2E0040321D /* Project object */ = {
			isa = PBXProject;
			attributes = {
				LastSwiftUpdateCheck = 1010;
				LastUpgradeCheck = 1010;
				ORGANIZATIONNAME = farshadJahanmanesh;
				TargetAttributes = {
					8E3350BD2205BA2E0040321D = {
						CreatedOnToolsVersion = 10.1;
					};
				};
			};
			buildConfigurationList = 8E3350B92205BA2E0040321D /* Build configuration list for PBXProject "loady" */;
			compatibilityVersion = "Xcode 9.3";
			developmentRegion = en;
			hasScannedForEncodings = 0;
			knownRegions = (
				en,
				Base,
			);
			mainGroup = 8E3350B52205BA2E0040321D;
			productRefGroup = 8E3350BF2205BA2E0040321D /* Products */;
			projectDirPath = "";
			projectRoot = "";
			targets = (
				8E3350BD2205BA2E0040321D /* loady */,
			);
		};
/* End PBXProject section */

/* Begin PBXResourcesBuildPhase section */
		8E3350BC2205BA2E0040321D /* Resources */ = {
			isa = PBXResourcesBuildPhase;
			buildActionMask = 2147483647;
			files = (
				F86C2C54220CC791003243B2 /* logo.png in Resources */,
				8E3350CC2205BA2F0040321D /* LaunchScreen.storyboard in Resources */,
				8E3350C92205BA2F0040321D /* Assets.xcassets in Resources */,
				8E3350C72205BA2E0040321D /* Main.storyboard in Resources */,
				8EFA19D52209B1BA00DF2F58 /* _gif.gif in Resources */,
				8EFA19D72209BD8C00DF2F58 /* _specs.jpeg in Resources */,
			);
			runOnlyForDeploymentPostprocessing = 0;
		};
/* End PBXResourcesBuildPhase section */

/* Begin PBXSourcesBuildPhase section */
		8E3350BA2205BA2E0040321D /* Sources */ = {
			isa = PBXSourcesBuildPhase;
			buildActionMask = 2147483647;
			files = (
				8E3350C42205BA2E0040321D /* ViewController.swift in Sources */,
				8E3350C22205BA2E0040321D /* AppDelegate.swift in Sources */,
				8E3350D52205BA680040321D /* Loady.swift in Sources */,
			);
			runOnlyForDeploymentPostprocessing = 0;
		};
/* End PBXSourcesBuildPhase section */

/* Begin PBXVariantGroup section */
		8E3350C52205BA2E0040321D /* Main.storyboard */ = {
			isa = PBXVariantGroup;
			children = (
				8E3350C62205BA2E0040321D /* Base */,
			);
			name = Main.storyboard;
			sourceTree = "<group>";
		};
		8E3350CA2205BA2F0040321D /* LaunchScreen.storyboard */ = {
			isa = PBXVariantGroup;
			children = (
				8E3350CB2205BA2F0040321D /* Base */,
			);
			name = LaunchScreen.storyboard;
			sourceTree = "<group>";
		};
/* End PBXVariantGroup section */

/* Begin XCBuildConfiguration section */
		8E3350CE2205BA2F0040321D /* Debug */ = {
			isa = XCBuildConfiguration;
			buildSettings = {
				ALWAYS_SEARCH_USER_PATHS = NO;
				CLANG_ANALYZER_NONNULL = YES;
				CLANG_ANALYZER_NUMBER_OBJECT_CONVERSION = YES_AGGRESSIVE;
				CLANG_CXX_LANGUAGE_STANDARD = "gnu++14";
				CLANG_CXX_LIBRARY = "libc++";
				CLANG_ENABLE_MODULES = YES;
				CLANG_ENABLE_OBJC_ARC = YES;
				CLANG_ENABLE_OBJC_WEAK = YES;
				CLANG_WARN_BLOCK_CAPTURE_AUTORELEASING = YES;
				CLANG_WARN_BOOL_CONVERSION = YES;
				CLANG_WARN_COMMA = YES;
				CLANG_WARN_CONSTANT_CONVERSION = YES;
				CLANG_WARN_DEPRECATED_OBJC_IMPLEMENTATIONS = YES;
				CLANG_WARN_DIRECT_OBJC_ISA_USAGE = YES_ERROR;
				CLANG_WARN_DOCUMENTATION_COMMENTS = YES;
				CLANG_WARN_EMPTY_BODY = YES;
				CLANG_WARN_ENUM_CONVERSION = YES;
				CLANG_WARN_INFINITE_RECURSION = YES;
				CLANG_WARN_INT_CONVERSION = YES;
				CLANG_WARN_NON_LITERAL_NULL_CONVERSION = YES;
				CLANG_WARN_OBJC_IMPLICIT_RETAIN_SELF = YES;
				CLANG_WARN_OBJC_LITERAL_CONVERSION = YES;
				CLANG_WARN_OBJC_ROOT_CLASS = YES_ERROR;
				CLANG_WARN_RANGE_LOOP_ANALYSIS = YES;
				CLANG_WARN_STRICT_PROTOTYPES = YES;
				CLANG_WARN_SUSPICIOUS_MOVE = YES;
				CLANG_WARN_UNGUARDED_AVAILABILITY = YES_AGGRESSIVE;
				CLANG_WARN_UNREACHABLE_CODE = YES;
				CLANG_WARN__DUPLICATE_METHOD_MATCH = YES;
				CODE_SIGN_IDENTITY = "iPhone Developer";
				COPY_PHASE_STRIP = NO;
				DEBUG_INFORMATION_FORMAT = dwarf;
				ENABLE_STRICT_OBJC_MSGSEND = YES;
				ENABLE_TESTABILITY = YES;
				GCC_C_LANGUAGE_STANDARD = gnu11;
				GCC_DYNAMIC_NO_PIC = NO;
				GCC_NO_COMMON_BLOCKS = YES;
				GCC_OPTIMIZATION_LEVEL = 0;
				GCC_PREPROCESSOR_DEFINITIONS = (
					"DEBUG=1",
					"$(inherited)",
				);
				GCC_WARN_64_TO_32_BIT_CONVERSION = YES;
				GCC_WARN_ABOUT_RETURN_TYPE = YES_ERROR;
				GCC_WARN_UNDECLARED_SELECTOR = YES;
				GCC_WARN_UNINITIALIZED_AUTOS = YES_AGGRESSIVE;
				GCC_WARN_UNUSED_FUNCTION = YES;
				GCC_WARN_UNUSED_VARIABLE = YES;
				IPHONEOS_DEPLOYMENT_TARGET = 10.0;
				MTL_ENABLE_DEBUG_INFO = INCLUDE_SOURCE;
				MTL_FAST_MATH = YES;
				ONLY_ACTIVE_ARCH = YES;
				SDKROOT = iphoneos;
				SWIFT_ACTIVE_COMPILATION_CONDITIONS = DEBUG;
				SWIFT_OPTIMIZATION_LEVEL = "-Onone";
			};
			name = Debug;
		};
		8E3350CF2205BA2F0040321D /* Release */ = {
			isa = XCBuildConfiguration;
			buildSettings = {
				ALWAYS_SEARCH_USER_PATHS = NO;
				CLANG_ANALYZER_NONNULL = YES;
				CLANG_ANALYZER_NUMBER_OBJECT_CONVERSION = YES_AGGRESSIVE;
				CLANG_CXX_LANGUAGE_STANDARD = "gnu++14";
				CLANG_CXX_LIBRARY = "libc++";
				CLANG_ENABLE_MODULES = YES;
				CLANG_ENABLE_OBJC_ARC = YES;
				CLANG_ENABLE_OBJC_WEAK = YES;
				CLANG_WARN_BLOCK_CAPTURE_AUTORELEASING = YES;
				CLANG_WARN_BOOL_CONVERSION = YES;
				CLANG_WARN_COMMA = YES;
				CLANG_WARN_CONSTANT_CONVERSION = YES;
				CLANG_WARN_DEPRECATED_OBJC_IMPLEMENTATIONS = YES;
				CLANG_WARN_DIRECT_OBJC_ISA_USAGE = YES_ERROR;
				CLANG_WARN_DOCUMENTATION_COMMENTS = YES;
				CLANG_WARN_EMPTY_BODY = YES;
				CLANG_WARN_ENUM_CONVERSION = YES;
				CLANG_WARN_INFINITE_RECURSION = YES;
				CLANG_WARN_INT_CONVERSION = YES;
				CLANG_WARN_NON_LITERAL_NULL_CONVERSION = YES;
				CLANG_WARN_OBJC_IMPLICIT_RETAIN_SELF = YES;
				CLANG_WARN_OBJC_LITERAL_CONVERSION = YES;
				CLANG_WARN_OBJC_ROOT_CLASS = YES_ERROR;
				CLANG_WARN_RANGE_LOOP_ANALYSIS = YES;
				CLANG_WARN_STRICT_PROTOTYPES = YES;
				CLANG_WARN_SUSPICIOUS_MOVE = YES;
				CLANG_WARN_UNGUARDED_AVAILABILITY = YES_AGGRESSIVE;
				CLANG_WARN_UNREACHABLE_CODE = YES;
				CLANG_WARN__DUPLICATE_METHOD_MATCH = YES;
				CODE_SIGN_IDENTITY = "iPhone Developer";
				COPY_PHASE_STRIP = NO;
				DEBUG_INFORMATION_FORMAT = "dwarf-with-dsym";
				ENABLE_NS_ASSERTIONS = NO;
				ENABLE_STRICT_OBJC_MSGSEND = YES;
				GCC_C_LANGUAGE_STANDARD = gnu11;
				GCC_NO_COMMON_BLOCKS = YES;
				GCC_WARN_64_TO_32_BIT_CONVERSION = YES;
				GCC_WARN_ABOUT_RETURN_TYPE = YES_ERROR;
				GCC_WARN_UNDECLARED_SELECTOR = YES;
				GCC_WARN_UNINITIALIZED_AUTOS = YES_AGGRESSIVE;
				GCC_WARN_UNUSED_FUNCTION = YES;
				GCC_WARN_UNUSED_VARIABLE = YES;
				IPHONEOS_DEPLOYMENT_TARGET = 10.0;
				MTL_ENABLE_DEBUG_INFO = NO;
				MTL_FAST_MATH = YES;
				SDKROOT = iphoneos;
				SWIFT_COMPILATION_MODE = wholemodule;
				SWIFT_OPTIMIZATION_LEVEL = "-O";
				VALIDATE_PRODUCT = YES;
			};
			name = Release;
		};
		8E3350D12205BA2F0040321D /* Debug */ = {
			isa = XCBuildConfiguration;
			buildSettings = {
				ASSETCATALOG_COMPILER_APPICON_NAME = AppIcon;
				CODE_SIGN_STYLE = Automatic;
				DEVELOPMENT_TEAM = QGFPA9QY4R;
				INFOPLIST_FILE = "$(SRCROOT)/loady/Info.plist";
				LD_RUNPATH_SEARCH_PATHS = (
					"$(inherited)",
					"@executable_path/Frameworks",
				);
				PRODUCT_BUNDLE_IDENTIFIER = www.farshadjahanmanesh.loady;
				PRODUCT_NAME = "$(TARGET_NAME)";
				SWIFT_VERSION = 4.2;
				TARGETED_DEVICE_FAMILY = "1,2";
			};
			name = Debug;
		};
		8E3350D22205BA2F0040321D /* Release */ = {
			isa = XCBuildConfiguration;
			buildSettings = {
				ASSETCATALOG_COMPILER_APPICON_NAME = AppIcon;
				CODE_SIGN_STYLE = Automatic;
				DEVELOPMENT_TEAM = QGFPA9QY4R;
				INFOPLIST_FILE = "$(SRCROOT)/loady/Info.plist";
				LD_RUNPATH_SEARCH_PATHS = (
					"$(inherited)",
					"@executable_path/Frameworks",
				);
				PRODUCT_BUNDLE_IDENTIFIER = www.farshadjahanmanesh.loady;
				PRODUCT_NAME = "$(TARGET_NAME)";
				SWIFT_VERSION = 4.2;
				TARGETED_DEVICE_FAMILY = "1,2";
			};
			name = Release;
		};
/* End XCBuildConfiguration section */

/* Begin XCConfigurationList section */
		8E3350B92205BA2E0040321D /* Build configuration list for PBXProject "loady" */ = {
			isa = XCConfigurationList;
			buildConfigurations = (
				8E3350CE2205BA2F0040321D /* Debug */,
				8E3350CF2205BA2F0040321D /* Release */,
			);
			defaultConfigurationIsVisible = 0;
			defaultConfigurationName = Release;
		};
		8E3350D02205BA2F0040321D /* Build configuration list for PBXNativeTarget "loady" */ = {
			isa = XCConfigurationList;
			buildConfigurations = (
				8E3350D12205BA2F0040321D /* Debug */,
				8E3350D22205BA2F0040321D /* Release */,
			);
			defaultConfigurationIsVisible = 0;
			defaultConfigurationName = Release;
		};
/* End XCConfigurationList section */
	};
	rootObject = 8E3350B62205BA2E0040321D /* Project object */;
}
